
Microsoft Visual Studio Solution File, Format Version 12.00
# Visual Studio 15
VisualStudioVersion = 15.0.26730.3
MinimumVisualStudioVersion = 10.0.40219.1
Project("{2150E333-8FDC-42A3-9474-1A3956D46DE8}") = "src", "src", "{9FFE683F-0100-4AEF-9B8C-4AFF4730A9C0}"
EndProject
Project("{FAE04EC0-301F-11D3-BF4B-00C04F79EFBC}") = "DotCanal.Common", "src\DotCanal.Common\DotCanal.Common.csproj", "{0881352C-4A86-4D79-A564-56B0068330A8}"
EndProject
Project("{FAE04EC0-301F-11D3-BF4B-00C04F79EFBC}") = "DotCanal.Driver", "src\DotCanal.Driver\DotCanal.Driver.csproj", "{7104798F-97E1-47DB-A924-38BF0E9DA3BA}"
EndProject
Global
	GlobalSection(SolutionConfigurationPlatforms) = preSolution
		Debug|Any CPU = Debug|Any CPU
		Release|Any CPU = Release|Any CPU
	EndGlobalSection
	GlobalSection(ProjectConfigurationPlatforms) = postSolution
		{0881352C-4A86-4D79-A564-56B0068330A8}.Debug|Any CPU.ActiveCfg = Debug|Any CPU
		{0881352C-4A86-4D79-A564-56B0068330A8}.Debug|Any CPU.Build.0 = Debug|Any CPU
		{0881352C-4A86-4D79-A564-56B0068330A8}.Release|Any CPU.ActiveCfg = Release|Any CPU
		{0881352C-4A86-4D79-A564-56B0068330A8}.Release|Any CPU.Build.0 = Release|Any CPU
		{7104798F-97E1-47DB-A924-38BF0E9DA3BA}.Debug|Any CPU.ActiveCfg = Debug|Any CPU
		{7104798F-97E1-47DB-A924-38BF0E9DA3BA}.Debug|Any CPU.Build.0 = Debug|Any CPU
		{7104798F-97E1-47DB-A924-38BF0E9DA3BA}.Release|Any CPU.ActiveCfg = Release|Any CPU
		{7104798F-97E1-47DB-A924-38BF0E9DA3BA}.Release|Any CPU.Build.0 = Release|Any CPU
	EndGlobalSection
	GlobalSection(SolutionProperties) = preSolution
		HideSolutionNode = FALSE
	EndGlobalSection
	GlobalSection(NestedProjects) = preSolution
		{0881352C-4A86-4D79-A564-56B0068330A8} = {9FFE683F-0100-4AEF-9B8C-4AFF4730A9C0}
		{7104798F-97E1-47DB-A924-38BF0E9DA3BA} = {9FFE683F-0100-4AEF-9B8C-4AFF4730A9C0}
	EndGlobalSection
	GlobalSection(ExtensibilityGlobals) = postSolution
		SolutionGuid = {0444DD09-558E-44E6-98F3-30178D72FBDB}
	EndGlobalSection
EndGlobal
